// !$*UTF8*$!
{
	archiveVersion = 1;
	classes = {
	};
	objectVersion = 77;
	objects = {

/* Begin PBXBuildFile section */
		F2A0A28FE18743FBB8C822DD /* FoodFadeApp.swift in Sources */ = {isa = PBXBuildFile; fileRef = FC994EF82F029671006D9CF0 /* FoodFadeApp.swift */; };
		F2A0A28FE18743FBB8C822DE /* Assets.xcassets in Resources */ = {isa = PBXBuildFile; fileRef = FC994EE62F029671006D9CF0 /* Assets.xcassets */; };
		FC2128D32F029921001A2A52 /* AnimatedProgressRing.swift in Sources */ = {isa = PBXBuildFile; fileRef = FC994EE72F029671006D9CF0 /* AnimatedProgressRing.swift */; };
		FC2128D42F029921001A2A52 /* CategoryPicker.swift in Sources */ = {isa = PBXBuildFile; fileRef = FC994EE82F029671006D9CF0 /* CategoryPicker.swift */; };
		FC2128D52F029921001A2A52 /* EnhancedProgressRing.swift in Sources */ = {isa = PBXBuildFile; fileRef = FC994EE92F029671006D9CF0 /* EnhancedProgressRing.swift */; };
		FC2128D62F029921001A2A52 /* EnhancedSummaryCard.swift in Sources */ = {isa = PBXBuildFile; fileRef = FC994EEA2F029671006D9CF0 /* EnhancedSummaryCard.swift */; };
		FC2128D72F029921001A2A52 /* FoodItemRow.swift in Sources */ = {isa = PBXBuildFile; fileRef = FC994EEB2F029671006D9CF0 /* FoodItemRow.swift */; };
		FC2128D82F029921001A2A52 /* FoodTypePicker.swift in Sources */ = {isa = PBXBuildFile; fileRef = FC994EEC2F029671006D9CF0 /* FoodTypePicker.swift */; };
		FC2128D92F029921001A2A52 /* PhotoPickerView.swift in Sources */ = {isa = PBXBuildFile; fileRef = FC994EED2F029671006D9CF0 /* PhotoPickerView.swift */; };
		FC2128DA2F029921001A2A52 /* ProgressRing.swift in Sources */ = {isa = PBXBuildFile; fileRef = FC994EEE2F029671006D9CF0 /* ProgressRing.swift */; };
		FC2128DB2F029921001A2A52 /* SummaryCard.swift in Sources */ = {isa = PBXBuildFile; fileRef = FC994EEF2F029671006D9CF0 /* SummaryCard.swift */; };
		FC2128DC2F029921001A2A52 /* AppSettings.swift in Sources */ = {isa = PBXBuildFile; fileRef = FC994EFD2F029671006D9CF0 /* AppSettings.swift */; };
		FC2128DD2F029921001A2A52 /* CustomFoodType.swift in Sources */ = {isa = PBXBuildFile; fileRef = FC994EFE2F029671006D9CF0 /* CustomFoodType.swift */; };
		FC2128DE2F029921001A2A52 /* FoodItem.swift in Sources */ = {isa = PBXBuildFile; fileRef = FC994EFF2F029671006D9CF0 /* FoodItem.swift */; };
		FC2128DF2F029921001A2A52 /* ThemeSettings.swift in Sources */ = {isa = PBXBuildFile; fileRef = FC994F002F029671006D9CF0 /* ThemeSettings.swift */; };
		FC2128E02F029921001A2A52 /* UserProfile.swift in Sources */ = {isa = PBXBuildFile; fileRef = FC994F012F029671006D9CF0 /* UserProfile.swift */; };
		FC2128E12F029921001A2A52 /* AppleIntelligenceService.swift in Sources */ = {isa = PBXBuildFile; fileRef = FC994F032F029671006D9CF0 /* AppleIntelligenceService.swift */; };
		FC2128E22F029921001A2A52 /* BackupService.swift in Sources */ = {isa = PBXBuildFile; fileRef = FC994F042F029671006D9CF0 /* BackupService.swift */; };
		FC2128E32F029921001A2A52 /* BarcodeScannerService.swift in Sources */ = {isa = PBXBuildFile; fileRef = FC994F052F029671006D9CF0 /* BarcodeScannerService.swift */; };
		FC2128E42F029921001A2A52 /* CameraPreviewView.swift in Sources */ = {isa = PBXBuildFile; fileRef = FC994F062F029671006D9CF0 /* CameraPreviewView.swift */; };
		FC2128E52F029921001A2A52 /* FoodLookupService.swift in Sources */ = {isa = PBXBuildFile; fileRef = FC994F072F029671006D9CF0 /* FoodLookupService.swift */; };
		FC2128E62F029921001A2A52 /* NotificationService.swift in Sources */ = {isa = PBXBuildFile; fileRef = FC994F082F029671006D9CF0 /* NotificationService.swift */; };
		FC2128E72F029921001A2A52 /* Extensions.swift in Sources */ = {isa = PBXBuildFile; fileRef = FC994F0A2F029671006D9CF0 /* Extensions.swift */; };
		FC2128E82F029921001A2A52 /* LocalizedString.swift in Sources */ = {isa = PBXBuildFile; fileRef = FC994F0B2F029671006D9CF0 /* LocalizedString.swift */; };
		FC2128E92F029921001A2A52 /* Theme.swift in Sources */ = {isa = PBXBuildFile; fileRef = FC994F0C2F029671006D9CF0 /* Theme.swift */; };
		FC2128EA2F029921001A2A52 /* ThemeManager.swift in Sources */ = {isa = PBXBuildFile; fileRef = FC994F0D2F029671006D9CF0 /* ThemeManager.swift */; };
		FC2128EB2F029921001A2A52 /* AddFoodViewModel.swift in Sources */ = {isa = PBXBuildFile; fileRef = FC994F0F2F029671006D9CF0 /* AddFoodViewModel.swift */; };
		FC2128EC2F029921001A2A52 /* HomeViewModel.swift in Sources */ = {isa = PBXBuildFile; fileRef = FC994F102F029671006D9CF0 /* HomeViewModel.swift */; };
		FC2128ED2F029921001A2A52 /* InventoryViewModel.swift in Sources */ = {isa = PBXBuildFile; fileRef = FC994F112F029671006D9CF0 /* InventoryViewModel.swift */; };
		FC2128EE2F029921001A2A52 /* SettingsViewModel.swift in Sources */ = {isa = PBXBuildFile; fileRef = FC994F122F029671006D9CF0 /* SettingsViewModel.swift */; };
		FC2128F02F029921001A2A52 /* AllOkView.swift in Sources */ = {isa = PBXBuildFile; fileRef = FC994F152F029671006D9CF0 /* AllOkView.swift */; };
		FC2128F12F029921001A2A52 /* AppearanceSettingsView.swift in Sources */ = {isa = PBXBuildFile; fileRef = FC994F162F029671006D9CF0 /* AppearanceSettingsView.swift */; };
		FC2128F22F029921001A2A52 /* BackupRestoreView.swift in Sources */ = {isa = PBXBuildFile; fileRef = FC994F172F029671006D9CF0 /* BackupRestoreView.swift */; };
		FC2128F32F029921001A2A52 /* BarcodeScannerView.swift in Sources */ = {isa = PBXBuildFile; fileRef = FC994F182F029671006D9CF0 /* BarcodeScannerView.swift */; };
		FC2128F42F029921001A2A52 /* CustomDaysPickerView.swift in Sources */ = {isa = PBXBuildFile; fileRef = FC994F192F029671006D9CF0 /* CustomDaysPickerView.swift */; };
		FC2128F52F029921001A2A52 /* EditFoodView.swift in Sources */ = {isa = PBXBuildFile; fileRef = FC994F1A2F029671006D9CF0 /* EditFoodView.swift */; };
		FC2128F62F029921001A2A52 /* ExpiringSoonView.swift in Sources */ = {isa = PBXBuildFile; fileRef = FC994F1B2F029671006D9CF0 /* ExpiringSoonView.swift */; };
		FC2128F72F029921001A2A52 /* ExpiringTodayView.swift in Sources */ = {isa = PBXBuildFile; fileRef = FC994F1C2F029671006D9CF0 /* ExpiringTodayView.swift */; };
		FC2128F82F029921001A2A52 /* HomeView.swift in Sources */ = {isa = PBXBuildFile; fileRef = FC994F1D2F029671006D9CF0 /* HomeView.swift */; };
		FC2128F92F029921001A2A52 /* IncomingView.swift in Sources */ = {isa = PBXBuildFile; fileRef = FC994F1E2F029671006D9CF0 /* IncomingView.swift */; };
		FC2128FA2F029921001A2A52 /* InventoryView.swift in Sources */ = {isa = PBXBuildFile; fileRef = FC994F1F2F029671006D9CF0 /* InventoryView.swift */; };
		FC2128FB2F029921001A2A52 /* ItemDetailView.swift in Sources */ = {isa = PBXBuildFile; fileRef = FC994F202F029671006D9CF0 /* ItemDetailView.swift */; };
		FC2128FC2F029921001A2A52 /* KPIStatusView.swift in Sources */ = {isa = PBXBuildFile; fileRef = FC994F212F029671006D9CF0 /* KPIStatusView.swift */; };
		FC2128FD2F029921001A2A52 /* SafeItemsView.swift in Sources */ = {isa = PBXBuildFile; fileRef = FC994F222F029671006D9CF0 /* SafeItemsView.swift */; };
		FC2128FE2F029921001A2A52 /* SettingsView.swift in Sources */ = {isa = PBXBuildFile; fileRef = FC994F232F029671006D9CF0 /* SettingsView.swift */; };
		FC2128FF2F029921001A2A52 /* SplashView.swift in Sources */ = {isa = PBXBuildFile; fileRef = FC994F242F029671006D9CF0 /* SplashView.swift */; };
		FC2129002F029921001A2A52 /* StatisticsView.swift in Sources */ = {isa = PBXBuildFile; fileRef = FC994F252F029671006D9CF0 /* StatisticsView.swift */; };
		FC2129012F029921001A2A52 /* ToConsumeView.swift in Sources */ = {isa = PBXBuildFile; fileRef = FC994F262F029671006D9CF0 /* ToConsumeView.swift */; };
		FC2129022F029921001A2A52 /* WelcomeView.swift in Sources */ = {isa = PBXBuildFile; fileRef = FC994F272F029671006D9CF0 /* WelcomeView.swift */; };
		FC21E0832F03003700996820 /* FridgyRules.swift in Sources */ = {isa = PBXBuildFile; fileRef = FC21E0812F03003700996820 /* FridgyRules.swift */; };
		FC21E0842F03003700996820 /* IntelligenceProvider.swift in Sources */ = {isa = PBXBuildFile; fileRef = FC21E0822F03003700996820 /* IntelligenceProvider.swift */; };
		FC21E0862F0301FE00996820 /* FridgyBadge.swift in Sources */ = {isa = PBXBuildFile; fileRef = FC21E0852F0301FE00996820 /* FridgyBadge.swift */; };
		FC21E0882F03058300996820 /* Localizable.strings in Resources */ = {isa = PBXBuildFile; fileRef = FC994EF22F029671006D9CF0 /* Localizable.strings */; };
		FC21E08A2F03059600996820 /* Localizable.strings in Resources */ = {isa = PBXBuildFile; fileRef = FC994EFB2F029671006D9CF0 /* Localizable.strings */; };
		FC21E08D2F03094200996820 /* FridgyService.swift in Sources */ = {isa = PBXBuildFile; fileRef = FC21E08C2F03094200996820 /* FridgyService.swift */; };
		FC21E08E2F03094200996820 /* FridgyModels.swift in Sources */ = {isa = PBXBuildFile; fileRef = FC21E08B2F03094200996820 /* FridgyModels.swift */; };
		FC21E0902F03096D00996820 /* AddFoodView.swift in Sources */ = {isa = PBXBuildFile; fileRef = FC21E08F2F03096D00996820 /* AddFoodView.swift */; };
		FC21E0922F03099100996820 /* ItemDetailViewModel.swift in Sources */ = {isa = PBXBuildFile; fileRef = FC21E0912F03099100996820 /* ItemDetailViewModel.swift */; };
		FC21E0942F030A9300996820 /* FridgyCard.swift in Sources */ = {isa = PBXBuildFile; fileRef = FC21E0932F030A9300996820 /* FridgyCard.swift */; };
		FC21E0962F03164800996820 /* FridgySkeletonLoader.swift in Sources */ = {isa = PBXBuildFile; fileRef = FC21E0952F03164800996820 /* FridgySkeletonLoader.swift */; };
		FC21E0982F03191E00996820 /* RecipesView.swift in Sources */ = {isa = PBXBuildFile; fileRef = FC21E0972F03191E00996820 /* RecipesView.swift */; };
		FC21E09A2F03192B00996820 /* RecipesViewModel.swift in Sources */ = {isa = PBXBuildFile; fileRef = FC21E0992F03192B00996820 /* RecipesViewModel.swift */; };
		FC21E09C2F03195C00996820 /* RecipeService.swift in Sources */ = {isa = PBXBuildFile; fileRef = FC21E09B2F03195C00996820 /* RecipeService.swift */; };
		FC21E09E2F0319A500996820 /* MagicLoadingView.swift in Sources */ = {isa = PBXBuildFile; fileRef = FC21E09D2F0319A500996820 /* MagicLoadingView.swift */; };
		FC21E0A02F03195D00996820 /* FoodFadeCulinaryLogic.swift in Sources */ = {isa = PBXBuildFile; fileRef = FC21E0A12F03195D00996820 /* FoodFadeCulinaryLogic.swift */; };
		FC21E0AE2F03195E00996820 /* ShoppingList.swift in Sources */ = {isa = PBXBuildFile; fileRef = FC21E0AD2F03195E00996820 /* ShoppingList.swift */; };
		FC21E0B22F03195E00996820 /* ShoppingItem.swift in Sources */ = {isa = PBXBuildFile; fileRef = FC21E0B12F03195E00996820 /* ShoppingItem.swift */; };
		FC21E0B42F03195F00996820 /* ShoppingListView.swift in Sources */ = {isa = PBXBuildFile; fileRef = FC21E0B32F03195F00996820 /* ShoppingListView.swift */; };
		FC21E0B62F03196000996820 /* ConsumedHistoryView.swift in Sources */ = {isa = PBXBuildFile; fileRef = FC21E0B52F03196000996820 /* ConsumedHistoryView.swift */; };
		FC21E0B92F03196000996820 /* ConsumedQuantitySheet.swift in Sources */ = {isa = PBXBuildFile; fileRef = FC21E0BA2F03196000996820 /* ConsumedQuantitySheet.swift */; };
		FC21E0C02F03196300996820 /* ExpirationDictationService.swift in Sources */ = {isa = PBXBuildFile; fileRef = FC21E0BF2F03196300996820 /* ExpirationDictationService.swift */; };
		FC21E0C32F03196500996820 /* DictationListeningOverlay.swift in Sources */ = {isa = PBXBuildFile; fileRef = FC21E0C42F03196500996820 /* DictationListeningOverlay.swift */; };
		FC343FBF2F02A00100299160 /* GenderHelper.swift in Sources */ = {isa = PBXBuildFile; fileRef = FC343FBE2F02A00100299160 /* GenderHelper.swift */; };
		FC6DB9822F02A68900FA5652 /* InfoPlist.strings in Resources */ = {isa = PBXBuildFile; fileRef = FC6DB9802F02A68900FA5652 /* InfoPlist.strings */; };
		FC6DB9852F02A6AB00FA5652 /* InfoPlist.strings in Resources */ = {isa = PBXBuildFile; fileRef = FC6DB9832F02A6AB00FA5652 /* InfoPlist.strings */; };
		FCC1901C2F314539002C994D /* FoodFade.icon in Resources */ = {isa = PBXBuildFile; fileRef = FCC1901B2F314539002C994D /* FoodFade.icon */; };
/* End PBXBuildFile section */

/* Begin PBXFileReference section */
		FC19714B2F01D2F400641462 /* FoodFade.app */ = {isa = PBXFileReference; explicitFileType = wrapper.application; includeInIndex = 0; path = FoodFade.app; sourceTree = BUILT_PRODUCTS_DIR; };
		FC21E0812F03003700996820 /* FridgyRules.swift */ = {isa = PBXFileReference; lastKnownFileType = sourcecode.swift; path = FridgyRules.swift; sourceTree = "<group>"; };
		FC21E0822F03003700996820 /* IntelligenceProvider.swift */ = {isa = PBXFileReference; lastKnownFileType = sourcecode.swift; path = IntelligenceProvider.swift; sourceTree = "<group>"; };
		FC21E0852F0301FE00996820 /* FridgyBadge.swift */ = {isa = PBXFileReference; lastKnownFileType = sourcecode.swift; path = FridgyBadge.swift; sourceTree = "<group>"; };
		FC21E08B2F03094200996820 /* FridgyModels.swift */ = {isa = PBXFileReference; lastKnownFileType = sourcecode.swift; path = FridgyModels.swift; sourceTree = "<group>"; };
		FC21E08C2F03094200996820 /* FridgyService.swift */ = {isa = PBXFileReference; lastKnownFileType = sourcecode.swift; path = FridgyService.swift; sourceTree = "<group>"; };
		FC21E08F2F03096D00996820 /* AddFoodView.swift */ = {isa = PBXFileReference; lastKnownFileType = sourcecode.swift; path = AddFoodView.swift; sourceTree = "<group>"; };
		FC21E0912F03099100996820 /* ItemDetailViewModel.swift */ = {isa = PBXFileReference; lastKnownFileType = sourcecode.swift; path = ItemDetailViewModel.swift; sourceTree = "<group>"; };
		FC21E0932F030A9300996820 /* FridgyCard.swift */ = {isa = PBXFileReference; lastKnownFileType = sourcecode.swift; path = FridgyCard.swift; sourceTree = "<group>"; };
		FC21E0952F03164800996820 /* FridgySkeletonLoader.swift */ = {isa = PBXFileReference; lastKnownFileType = sourcecode.swift; path = FridgySkeletonLoader.swift; sourceTree = "<group>"; };
		FC21E0972F03191E00996820 /* RecipesView.swift */ = {isa = PBXFileReference; lastKnownFileType = sourcecode.swift; path = RecipesView.swift; sourceTree = "<group>"; };
		FC21E0992F03192B00996820 /* RecipesViewModel.swift */ = {isa = PBXFileReference; lastKnownFileType = sourcecode.swift; path = RecipesViewModel.swift; sourceTree = "<group>"; };
		FC21E09B2F03195C00996820 /* RecipeService.swift */ = {isa = PBXFileReference; lastKnownFileType = sourcecode.swift; path = RecipeService.swift; sourceTree = "<group>"; };
		FC21E09D2F0319A500996820 /* MagicLoadingView.swift */ = {isa = PBXFileReference; lastKnownFileType = sourcecode.swift; path = MagicLoadingView.swift; sourceTree = "<group>"; };
		FC21E0A12F03195D00996820 /* FoodFadeCulinaryLogic.swift */ = {isa = PBXFileReference; lastKnownFileType = sourcecode.swift; path = FoodFadeCulinaryLogic.swift; sourceTree = "<group>"; };
		FC21E0AD2F03195E00996820 /* ShoppingList.swift */ = {isa = PBXFileReference; lastKnownFileType = sourcecode.swift; path = ShoppingList.swift; sourceTree = "<group>"; };
		FC21E0B12F03195E00996820 /* ShoppingItem.swift */ = {isa = PBXFileReference; lastKnownFileType = sourcecode.swift; path = ShoppingItem.swift; sourceTree = "<group>"; };
		FC21E0B32F03195F00996820 /* ShoppingListView.swift */ = {isa = PBXFileReference; lastKnownFileType = sourcecode.swift; path = ShoppingListView.swift; sourceTree = "<group>"; };
		FC21E0B52F03196000996820 /* ConsumedHistoryView.swift */ = {isa = PBXFileReference; lastKnownFileType = sourcecode.swift; path = ConsumedHistoryView.swift; sourceTree = "<group>"; };
		FC21E0BA2F03196000996820 /* ConsumedQuantitySheet.swift */ = {isa = PBXFileReference; lastKnownFileType = sourcecode.swift; path = ConsumedQuantitySheet.swift; sourceTree = "<group>"; };
		FC21E0BF2F03196300996820 /* ExpirationDictationService.swift */ = {isa = PBXFileReference; lastKnownFileType = sourcecode.swift; path = ExpirationDictationService.swift; sourceTree = "<group>"; };
		FC21E0C42F03196500996820 /* DictationListeningOverlay.swift */ = {isa = PBXFileReference; lastKnownFileType = sourcecode.swift; path = DictationListeningOverlay.swift; sourceTree = "<group>"; };
		FC343FBE2F02A00100299160 /* GenderHelper.swift */ = {isa = PBXFileReference; lastKnownFileType = sourcecode.swift; path = GenderHelper.swift; sourceTree = "<group>"; };
		FC6DB9812F02A68900FA5652 /* it */ = {isa = PBXFileReference; lastKnownFileType = text.plist.strings; name = it; path = InfoPlist.strings; sourceTree = "<group>"; };
		FC6DB9842F02A6AB00FA5652 /* en */ = {isa = PBXFileReference; lastKnownFileType = text.plist.strings; name = en; path = InfoPlist.strings; sourceTree = "<group>"; };
		FC994EE62F029671006D9CF0 /* Assets.xcassets */ = {isa = PBXFileReference; lastKnownFileType = folder.assetcatalog; path = Assets.xcassets; sourceTree = "<group>"; };
		FC994EE72F029671006D9CF0 /* AnimatedProgressRing.swift */ = {isa = PBXFileReference; lastKnownFileType = sourcecode.swift; path = AnimatedProgressRing.swift; sourceTree = "<group>"; };
		FC994EE82F029671006D9CF0 /* CategoryPicker.swift */ = {isa = PBXFileReference; lastKnownFileType = sourcecode.swift; path = CategoryPicker.swift; sourceTree = "<group>"; };
		FC994EE92F029671006D9CF0 /* EnhancedProgressRing.swift */ = {isa = PBXFileReference; lastKnownFileType = sourcecode.swift; path = EnhancedProgressRing.swift; sourceTree = "<group>"; };
		FC994EEA2F029671006D9CF0 /* EnhancedSummaryCard.swift */ = {isa = PBXFileReference; lastKnownFileType = sourcecode.swift; path = EnhancedSummaryCard.swift; sourceTree = "<group>"; };
		FC994EEB2F029671006D9CF0 /* FoodItemRow.swift */ = {isa = PBXFileReference; lastKnownFileType = sourcecode.swift; path = FoodItemRow.swift; sourceTree = "<group>"; };
		FC994EEC2F029671006D9CF0 /* FoodTypePicker.swift */ = {isa = PBXFileReference; lastKnownFileType = sourcecode.swift; path = FoodTypePicker.swift; sourceTree = "<group>"; };
		FC994EED2F029671006D9CF0 /* PhotoPickerView.swift */ = {isa = PBXFileReference; lastKnownFileType = sourcecode.swift; path = PhotoPickerView.swift; sourceTree = "<group>"; };
		FC994EEE2F029671006D9CF0 /* ProgressRing.swift */ = {isa = PBXFileReference; lastKnownFileType = sourcecode.swift; path = ProgressRing.swift; sourceTree = "<group>"; };
		FC994EEF2F029671006D9CF0 /* SummaryCard.swift */ = {isa = PBXFileReference; lastKnownFileType = sourcecode.swift; path = SummaryCard.swift; sourceTree = "<group>"; };
		FC994EF12F029671006D9CF0 /* en */ = {isa = PBXFileReference; lastKnownFileType = text.plist.strings; name = en; path = Localizable.strings; sourceTree = "<group>"; };
		FC994EF42F029671006D9CF0 /* FoodFade.entitlements */ = {isa = PBXFileReference; lastKnownFileType = text.plist.entitlements; path = FoodFade.entitlements; sourceTree = "<group>"; };
		FC994EF62F029671006D9CF0 /* FoodFade.xcodeproj */ = {isa = PBXFileReference; lastKnownFileType = "wrapper.pb-project"; path = FoodFade.xcodeproj; sourceTree = "<group>"; };
		FC994EF72F029671006D9CF0 /* FoodFade-Info.plist */ = {isa = PBXFileReference; lastKnownFileType = text.plist.xml; path = "FoodFade-Info.plist"; sourceTree = "<group>"; };
		FC994EF82F029671006D9CF0 /* FoodFadeApp.swift */ = {isa = PBXFileReference; lastKnownFileType = sourcecode.swift; path = FoodFadeApp.swift; sourceTree = "<group>"; };
		FC994EFA2F029671006D9CF0 /* it */ = {isa = PBXFileReference; lastKnownFileType = text.plist.strings; name = it; path = Localizable.strings; sourceTree = "<group>"; };
		FC994EFD2F029671006D9CF0 /* AppSettings.swift */ = {isa = PBXFileReference; lastKnownFileType = sourcecode.swift; path = AppSettings.swift; sourceTree = "<group>"; };
		FC994EFE2F029671006D9CF0 /* CustomFoodType.swift */ = {isa = PBXFileReference; lastKnownFileType = sourcecode.swift; path = CustomFoodType.swift; sourceTree = "<group>"; };
		FC994EFF2F029671006D9CF0 /* FoodItem.swift */ = {isa = PBXFileReference; lastKnownFileType = sourcecode.swift; path = FoodItem.swift; sourceTree = "<group>"; };
		FC994F002F029671006D9CF0 /* ThemeSettings.swift */ = {isa = PBXFileReference; lastKnownFileType = sourcecode.swift; path = ThemeSettings.swift; sourceTree = "<group>"; };
		FC994F012F029671006D9CF0 /* UserProfile.swift */ = {isa = PBXFileReference; lastKnownFileType = sourcecode.swift; path = UserProfile.swift; sourceTree = "<group>"; };
		FC994F032F029671006D9CF0 /* AppleIntelligenceService.swift */ = {isa = PBXFileReference; lastKnownFileType = sourcecode.swift; path = AppleIntelligenceService.swift; sourceTree = "<group>"; };
		FC994F042F029671006D9CF0 /* BackupService.swift */ = {isa = PBXFileReference; lastKnownFileType = sourcecode.swift; path = BackupService.swift; sourceTree = "<group>"; };
		FC994F052F029671006D9CF0 /* BarcodeScannerService.swift */ = {isa = PBXFileReference; lastKnownFileType = sourcecode.swift; path = BarcodeScannerService.swift; sourceTree = "<group>"; };
		FC994F062F029671006D9CF0 /* CameraPreviewView.swift */ = {isa = PBXFileReference; lastKnownFileType = sourcecode.swift; path = CameraPreviewView.swift; sourceTree = "<group>"; };
		FC994F072F029671006D9CF0 /* FoodLookupService.swift */ = {isa = PBXFileReference; lastKnownFileType = sourcecode.swift; path = FoodLookupService.swift; sourceTree = "<group>"; };
		FC994F082F029671006D9CF0 /* NotificationService.swift */ = {isa = PBXFileReference; lastKnownFileType = sourcecode.swift; path = NotificationService.swift; sourceTree = "<group>"; };
		FC994F0A2F029671006D9CF0 /* Extensions.swift */ = {isa = PBXFileReference; lastKnownFileType = sourcecode.swift; path = Extensions.swift; sourceTree = "<group>"; };
		FC994F0B2F029671006D9CF0 /* LocalizedString.swift */ = {isa = PBXFileReference; lastKnownFileType = sourcecode.swift; path = LocalizedString.swift; sourceTree = "<group>"; };
		FC994F0C2F029671006D9CF0 /* Theme.swift */ = {isa = PBXFileReference; lastKnownFileType = sourcecode.swift; path = Theme.swift; sourceTree = "<group>"; };
		FC994F0D2F029671006D9CF0 /* ThemeManager.swift */ = {isa = PBXFileReference; lastKnownFileType = sourcecode.swift; path = ThemeManager.swift; sourceTree = "<group>"; };
		FC994F0F2F029671006D9CF0 /* AddFoodViewModel.swift */ = {isa = PBXFileReference; lastKnownFileType = sourcecode.swift; path = AddFoodViewModel.swift; sourceTree = "<group>"; };
		FC994F102F029671006D9CF0 /* HomeViewModel.swift */ = {isa = PBXFileReference; lastKnownFileType = sourcecode.swift; path = HomeViewModel.swift; sourceTree = "<group>"; };
		FC994F112F029671006D9CF0 /* InventoryViewModel.swift */ = {isa = PBXFileReference; lastKnownFileType = sourcecode.swift; path = InventoryViewModel.swift; sourceTree = "<group>"; };
		FC994F122F029671006D9CF0 /* SettingsViewModel.swift */ = {isa = PBXFileReference; lastKnownFileType = sourcecode.swift; path = SettingsViewModel.swift; sourceTree = "<group>"; };
		FC994F142F029671006D9CF0 /* AddFoodView.swift */ = {isa = PBXFileReference; lastKnownFileType = sourcecode.swift; path = AddFoodView.swift; sourceTree = "<group>"; };
		FC994F152F029671006D9CF0 /* AllOkView.swift */ = {isa = PBXFileReference; lastKnownFileType = sourcecode.swift; path = AllOkView.swift; sourceTree = "<group>"; };
		FC994F162F029671006D9CF0 /* AppearanceSettingsView.swift */ = {isa = PBXFileReference; lastKnownFileType = sourcecode.swift; path = AppearanceSettingsView.swift; sourceTree = "<group>"; };
		FC994F172F029671006D9CF0 /* BackupRestoreView.swift */ = {isa = PBXFileReference; lastKnownFileType = sourcecode.swift; path = BackupRestoreView.swift; sourceTree = "<group>"; };
		FC994F182F029671006D9CF0 /* BarcodeScannerView.swift */ = {isa = PBXFileReference; lastKnownFileType = sourcecode.swift; path = BarcodeScannerView.swift; sourceTree = "<group>"; };
		FC994F192F029671006D9CF0 /* CustomDaysPickerView.swift */ = {isa = PBXFileReference; lastKnownFileType = sourcecode.swift; path = CustomDaysPickerView.swift; sourceTree = "<group>"; };
		FC994F1A2F029671006D9CF0 /* EditFoodView.swift */ = {isa = PBXFileReference; lastKnownFileType = sourcecode.swift; path = EditFoodView.swift; sourceTree = "<group>"; };
		FC994F1B2F029671006D9CF0 /* ExpiringSoonView.swift */ = {isa = PBXFileReference; lastKnownFileType = sourcecode.swift; path = ExpiringSoonView.swift; sourceTree = "<group>"; };
		FC994F1C2F029671006D9CF0 /* ExpiringTodayView.swift */ = {isa = PBXFileReference; lastKnownFileType = sourcecode.swift; path = ExpiringTodayView.swift; sourceTree = "<group>"; };
		FC994F1D2F029671006D9CF0 /* HomeView.swift */ = {isa = PBXFileReference; lastKnownFileType = sourcecode.swift; path = HomeView.swift; sourceTree = "<group>"; };
		FC994F1E2F029671006D9CF0 /* IncomingView.swift */ = {isa = PBXFileReference; lastKnownFileType = sourcecode.swift; path = IncomingView.swift; sourceTree = "<group>"; };
		FC994F1F2F029671006D9CF0 /* InventoryView.swift */ = {isa = PBXFileReference; lastKnownFileType = sourcecode.swift; path = InventoryView.swift; sourceTree = "<group>"; };
		FC994F202F029671006D9CF0 /* ItemDetailView.swift */ = {isa = PBXFileReference; lastKnownFileType = sourcecode.swift; path = ItemDetailView.swift; sourceTree = "<group>"; };
		FC994F212F029671006D9CF0 /* KPIStatusView.swift */ = {isa = PBXFileReference; lastKnownFileType = sourcecode.swift; path = KPIStatusView.swift; sourceTree = "<group>"; };
		FC994F222F029671006D9CF0 /* SafeItemsView.swift */ = {isa = PBXFileReference; lastKnownFileType = sourcecode.swift; path = SafeItemsView.swift; sourceTree = "<group>"; };
		FC994F232F029671006D9CF0 /* SettingsView.swift */ = {isa = PBXFileReference; lastKnownFileType = sourcecode.swift; path = SettingsView.swift; sourceTree = "<group>"; };
		FC994F242F029671006D9CF0 /* SplashView.swift */ = {isa = PBXFileReference; lastKnownFileType = sourcecode.swift; path = SplashView.swift; sourceTree = "<group>"; };
		FC994F252F029671006D9CF0 /* StatisticsView.swift */ = {isa = PBXFileReference; lastKnownFileType = sourcecode.swift; path = StatisticsView.swift; sourceTree = "<group>"; };
		FC994F262F029671006D9CF0 /* ToConsumeView.swift */ = {isa = PBXFileReference; lastKnownFileType = sourcecode.swift; path = ToConsumeView.swift; sourceTree = "<group>"; };
		FC994F272F029671006D9CF0 /* WelcomeView.swift */ = {isa = PBXFileReference; lastKnownFileType = sourcecode.swift; path = WelcomeView.swift; sourceTree = "<group>"; };
		FCC1901B2F314539002C994D /* FoodFade.icon */ = {isa = PBXFileReference; lastKnownFileType = folder.iconcomposer.icon; path = FoodFade.icon; sourceTree = "<group>"; };
/* End PBXFileReference section */

/* Begin PBXFrameworksBuildPhase section */
		FC1971482F01D2F400641462 /* Frameworks */ = {
			isa = PBXFrameworksBuildPhase;
			buildActionMask = 2147483647;
			files = (
			);
			runOnlyForDeploymentPostprocessing = 0;
		};
/* End PBXFrameworksBuildPhase section */

/* Begin PBXGroup section */
		FC1971422F01D2F400641462 = {
			isa = PBXGroup;
			children = (
				FC19714C2F01D2F400641462 /* Products */,
				FC994EE62F029671006D9CF0 /* Assets.xcassets */,
				FCC1901B2F314539002C994D /* FoodFade.icon */,
				FC994EF02F029671006D9CF0 /* Components */,
				FC994EF32F029671006D9CF0 /* en.lproj */,
				FC994EF42F029671006D9CF0 /* FoodFade.entitlements */,
				FC994EF62F029671006D9CF0 /* FoodFade.xcodeproj */,
				FC994EF72F029671006D9CF0 /* FoodFade-Info.plist */,
				FC994EF82F029671006D9CF0 /* FoodFadeApp.swift */,
				FC994EFC2F029671006D9CF0 /* it.lproj */,
				FC994F022F029671006D9CF0 /* Models */,
				FC994F092F029671006D9CF0 /* Services */,
				FC994F0E2F029671006D9CF0 /* Utilities */,
				FC994F132F029671006D9CF0 /* ViewModels */,
				FC994F282F029671006D9CF0 /* Views */,
			);
			sourceTree = "<group>";
		};
		FC19714C2F01D2F400641462 /* Products */ = {
			isa = PBXGroup;
			children = (
				FC19714B2F01D2F400641462 /* FoodFade.app */,
			);
			name = Products;
			sourceTree = "<group>";
		};
		FC994EF02F029671006D9CF0 /* Components */ = {
			isa = PBXGroup;
			children = (
				FC21E0BA2F03196000996820 /* ConsumedQuantitySheet.swift */,
				FC21E09D2F0319A500996820 /* MagicLoadingView.swift */,
				FC21E0952F03164800996820 /* FridgySkeletonLoader.swift */,
				FC21E0932F030A9300996820 /* FridgyCard.swift */,
				FC21E0852F0301FE00996820 /* FridgyBadge.swift */,
				FC994EE72F029671006D9CF0 /* AnimatedProgressRing.swift */,
				FC994EE82F029671006D9CF0 /* CategoryPicker.swift */,
				FC21E0C42F03196500996820 /* DictationListeningOverlay.swift */,
				FC994EE92F029671006D9CF0 /* EnhancedProgressRing.swift */,
				FC994EEA2F029671006D9CF0 /* EnhancedSummaryCard.swift */,
				FC994EEB2F029671006D9CF0 /* FoodItemRow.swift */,
				FC994EEC2F029671006D9CF0 /* FoodTypePicker.swift */,
				FC994EED2F029671006D9CF0 /* PhotoPickerView.swift */,
				FC994EEE2F029671006D9CF0 /* ProgressRing.swift */,
				FC994EEF2F029671006D9CF0 /* SummaryCard.swift */,
			);
			path = Components;
			sourceTree = "<group>";
		};
		FC994EF32F029671006D9CF0 /* en.lproj */ = {
			isa = PBXGroup;
			children = (
				FC6DB9832F02A6AB00FA5652 /* InfoPlist.strings */,
				FC994EF22F029671006D9CF0 /* Localizable.strings */,
			);
			path = en.lproj;
			sourceTree = "<group>";
		};
		FC994EFC2F029671006D9CF0 /* it.lproj */ = {
			isa = PBXGroup;
			children = (
				FC6DB9802F02A68900FA5652 /* InfoPlist.strings */,
				FC994EFB2F029671006D9CF0 /* Localizable.strings */,
			);
			path = it.lproj;
			sourceTree = "<group>";
		};
		FC994F022F029671006D9CF0 /* Models */ = {
			isa = PBXGroup;
			children = (
				FC994EFD2F029671006D9CF0 /* AppSettings.swift */,
				FC994EFE2F029671006D9CF0 /* CustomFoodType.swift */,
				FC994EFF2F029671006D9CF0 /* FoodItem.swift */,
				FC21E0AD2F03195E00996820 /* ShoppingList.swift */,
				FC21E0B12F03195E00996820 /* ShoppingItem.swift */,
				FC994F002F029671006D9CF0 /* ThemeSettings.swift */,
				FC994F012F029671006D9CF0 /* UserProfile.swift */,
			);
			path = Models;
			sourceTree = "<group>";
		};
		FC994F092F029671006D9CF0 /* Services */ = {
			isa = PBXGroup;
			children = (
				FC21E09B2F03195C00996820 /* RecipeService.swift */,
				FC21E0A12F03195D00996820 /* FoodFadeCulinaryLogic.swift */,
				FC21E08B2F03094200996820 /* FridgyModels.swift */,
				FC21E08C2F03094200996820 /* FridgyService.swift */,
				FC21E0812F03003700996820 /* FridgyRules.swift */,
				FC21E0822F03003700996820 /* IntelligenceProvider.swift */,
				FC994F032F029671006D9CF0 /* AppleIntelligenceService.swift */,
				FC994F042F029671006D9CF0 /* BackupService.swift */,
				FC994F052F029671006D9CF0 /* BarcodeScannerService.swift */,
				FC994F062F029671006D9CF0 /* CameraPreviewView.swift */,
				FC994F072F029671006D9CF0 /* FoodLookupService.swift */,
				FC994F082F029671006D9CF0 /* NotificationService.swift */,
				FC21E0BF2F03196300996820 /* ExpirationDictationService.swift */,
			);
			path = Services;
			sourceTree = "<group>";
		};
		FC994F0E2F029671006D9CF0 /* Utilities */ = {
			isa = PBXGroup;
			children = (
				FC343FBE2F02A00100299160 /* GenderHelper.swift */,
				FC994F0A2F029671006D9CF0 /* Extensions.swift */,
				FC994F0B2F029671006D9CF0 /* LocalizedString.swift */,
				FC994F0C2F029671006D9CF0 /* Theme.swift */,
				FC994F0D2F029671006D9CF0 /* ThemeManager.swift */,
			);
			path = Utilities;
			sourceTree = "<group>";
		};
		FC994F132F029671006D9CF0 /* ViewModels */ = {
			isa = PBXGroup;
			children = (
				FC21E0992F03192B00996820 /* RecipesViewModel.swift */,
				FC21E0912F03099100996820 /* ItemDetailViewModel.swift */,
				FC994F0F2F029671006D9CF0 /* AddFoodViewModel.swift */,
				FC994F102F029671006D9CF0 /* HomeViewModel.swift */,
				FC994F112F029671006D9CF0 /* InventoryViewModel.swift */,
				FC994F122F029671006D9CF0 /* SettingsViewModel.swift */,
			);
			path = ViewModels;
			sourceTree = "<group>";
		};
		FC994F282F029671006D9CF0 /* Views */ = {
			isa = PBXGroup;
			children = (
				FC21E0972F03191E00996820 /* RecipesView.swift */,
				FC21E08F2F03096D00996820 /* AddFoodView.swift */,
				FC994F142F029671006D9CF0 /* AddFoodView.swift */,
				FC994F152F029671006D9CF0 /* AllOkView.swift */,
				FC994F162F029671006D9CF0 /* AppearanceSettingsView.swift */,
				FC994F172F029671006D9CF0 /* BackupRestoreView.swift */,
				FC994F182F029671006D9CF0 /* BarcodeScannerView.swift */,
				FC994F192F029671006D9CF0 /* CustomDaysPickerView.swift */,
				FC994F1A2F029671006D9CF0 /* EditFoodView.swift */,
				FC994F1B2F029671006D9CF0 /* ExpiringSoonView.swift */,
				FC994F1C2F029671006D9CF0 /* ExpiringTodayView.swift */,
				FC994F1D2F029671006D9CF0 /* HomeView.swift */,
				FC994F1E2F029671006D9CF0 /* IncomingView.swift */,
				FC994F1F2F029671006D9CF0 /* InventoryView.swift */,
				FC994F202F029671006D9CF0 /* ItemDetailView.swift */,
				FC994F212F029671006D9CF0 /* KPIStatusView.swift */,
				FC994F222F029671006D9CF0 /* SafeItemsView.swift */,
				FC994F232F029671006D9CF0 /* SettingsView.swift */,
				FC994F242F029671006D9CF0 /* SplashView.swift */,
				FC994F252F029671006D9CF0 /* StatisticsView.swift */,
				FC994F262F029671006D9CF0 /* ToConsumeView.swift */,
				FC994F272F029671006D9CF0 /* WelcomeView.swift */,
				FC21E0B52F03196000996820 /* ConsumedHistoryView.swift */,
				FC21E0B32F03195F00996820 /* ShoppingListView.swift */,
			);
			path = Views;
			sourceTree = "<group>";
		};
		FC994F292F029671006D9CF0 /* Products */ = {
			isa = PBXGroup;
			name = Products;
			sourceTree = "<group>";
		};
/* End PBXGroup section */

/* Begin PBXNativeTarget section */
		FC19714A2F01D2F400641462 /* FoodFade */ = {
			isa = PBXNativeTarget;
			buildConfigurationList = FC1971562F01D2F500641462 /* Build configuration list for PBXNativeTarget "FoodFade" */;
			buildPhases = (
				FC1971472F01D2F400641462 /* Sources */,
				FC1971482F01D2F400641462 /* Frameworks */,
				FC1971492F01D2F400641462 /* Resources */,
			);
			buildRules = (
			);
			dependencies = (
			);
			name = FoodFade;
			packageProductDependencies = (
			);
			productName = FoodFade;
			productReference = FC19714B2F01D2F400641462 /* FoodFade.app */;
			productType = "com.apple.product-type.application";
		};
/* End PBXNativeTarget section */

/* Begin PBXProject section */
		FC1971432F01D2F400641462 /* Project object */ = {
			isa = PBXProject;
			attributes = {
				BuildIndependentTargetsInParallel = 1;
				LastSwiftUpdateCheck = 2620;
				LastUpgradeCheck = 2620;
				TargetAttributes = {
					FC19714A2F01D2F400641462 = {
						CreatedOnToolsVersion = 26.2;
					};
				};
			};
			buildConfigurationList = FC1971462F01D2F400641462 /* Build configuration list for PBXProject "FoodFade" */;
			developmentRegion = en;
			hasScannedForEncodings = 0;
			knownRegions = (
				en,
				Base,
				it,
			);
			mainGroup = FC1971422F01D2F400641462;
			minimizedProjectReferenceProxies = 1;
			preferredProjectObjectVersion = 77;
			productRefGroup = FC19714C2F01D2F400641462 /* Products */;
			projectDirPath = "";
			projectReferences = (
				{
					ProductGroup = FC994F292F029671006D9CF0 /* Products */;
					ProjectRef = FC994EF62F029671006D9CF0 /* FoodFade.xcodeproj */;
				},
			);
			projectRoot = "";
			targets = (
				FC19714A2F01D2F400641462 /* FoodFade */,
			);
		};
/* End PBXProject section */

/* Begin PBXResourcesBuildPhase section */
		FC1971492F01D2F400641462 /* Resources */ = {
			isa = PBXResourcesBuildPhase;
			buildActionMask = 2147483647;
			files = (
				FCC1901C2F314539002C994D /* FoodFade.icon in Resources */,
				FC21E0882F03058300996820 /* Localizable.strings in Resources */,
				F2A0A28FE18743FBB8C822DE /* Assets.xcassets in Resources */,
				FC21E08A2F03059600996820 /* Localizable.strings in Resources */,
				FC6DB9822F02A68900FA5652 /* InfoPlist.strings in Resources */,
				FC6DB9852F02A6AB00FA5652 /* InfoPlist.strings in Resources */,
			);
			runOnlyForDeploymentPostprocessing = 0;
		};
/* End PBXResourcesBuildPhase section */

/* Begin PBXSourcesBuildPhase section */
		FC1971472F01D2F400641462 /* Sources */ = {
			isa = PBXSourcesBuildPhase;
			buildActionMask = 2147483647;
			files = (
				FC21E08D2F03094200996820 /* FridgyService.swift in Sources */,
				FC21E08E2F03094200996820 /* FridgyModels.swift in Sources */,
				F2A0A28FE18743FBB8C822DD /* FoodFadeApp.swift in Sources */,
				FC21E0982F03191E00996820 /* RecipesView.swift in Sources */,
				FC2128D32F029921001A2A52 /* AnimatedProgressRing.swift in Sources */,
				FC2128D42F029921001A2A52 /* CategoryPicker.swift in Sources */,
				FC21E0C32F03196500996820 /* DictationListeningOverlay.swift in Sources */,
				FC2128D52F029921001A2A52 /* EnhancedProgressRing.swift in Sources */,
				FC21E0942F030A9300996820 /* FridgyCard.swift in Sources */,
				FC2128D62F029921001A2A52 /* EnhancedSummaryCard.swift in Sources */,
				FC2128D72F029921001A2A52 /* FoodItemRow.swift in Sources */,
				FC2128D82F029921001A2A52 /* FoodTypePicker.swift in Sources */,
				FC21E0962F03164800996820 /* FridgySkeletonLoader.swift in Sources */,
				FC21E09A2F03192B00996820 /* RecipesViewModel.swift in Sources */,
				FC2128D92F029921001A2A52 /* PhotoPickerView.swift in Sources */,
				FC2128DA2F029921001A2A52 /* ProgressRing.swift in Sources */,
				FC21E0862F0301FE00996820 /* FridgyBadge.swift in Sources */,
				FC2128DB2F029921001A2A52 /* SummaryCard.swift in Sources */,
				FC2128DC2F029921001A2A52 /* AppSettings.swift in Sources */,
				FC2128DD2F029921001A2A52 /* CustomFoodType.swift in Sources */,
				FC2128DE2F029921001A2A52 /* FoodItem.swift in Sources */,
				FC2128DF2F029921001A2A52 /* ThemeSettings.swift in Sources */,
				FC2128E02F029921001A2A52 /* UserProfile.swift in Sources */,
				FC2128E12F029921001A2A52 /* AppleIntelligenceService.swift in Sources */,
				FC2128E22F029921001A2A52 /* BackupService.swift in Sources */,
				FC2128E32F029921001A2A52 /* BarcodeScannerService.swift in Sources */,
				FC2128E42F029921001A2A52 /* CameraPreviewView.swift in Sources */,
				FC21E0922F03099100996820 /* ItemDetailViewModel.swift in Sources */,
				FC2128E52F029921001A2A52 /* FoodLookupService.swift in Sources */,
				FC2128E62F029921001A2A52 /* NotificationService.swift in Sources */,
				FC21E0C02F03196300996820 /* ExpirationDictationService.swift in Sources */,
				FC2128E72F029921001A2A52 /* Extensions.swift in Sources */,
				FC343FBF2F02A00100299160 /* GenderHelper.swift in Sources */,
				FC2128E82F029921001A2A52 /* LocalizedString.swift in Sources */,
				FC2128E92F029921001A2A52 /* Theme.swift in Sources */,
				FC2128EA2F029921001A2A52 /* ThemeManager.swift in Sources */,
				FC2128EB2F029921001A2A52 /* AddFoodViewModel.swift in Sources */,
				FC2128EC2F029921001A2A52 /* HomeViewModel.swift in Sources */,
				FC21E09C2F03195C00996820 /* RecipeService.swift in Sources */,
				FC21E0A02F03195D00996820 /* FoodFadeCulinaryLogic.swift in Sources */,
				FC21E09E2F0319A500996820 /* MagicLoadingView.swift in Sources */,
				FC21E0832F03003700996820 /* FridgyRules.swift in Sources */,
				FC21E0842F03003700996820 /* IntelligenceProvider.swift in Sources */,
				FC2128ED2F029921001A2A52 /* InventoryViewModel.swift in Sources */,
				FC2128EE2F029921001A2A52 /* SettingsViewModel.swift in Sources */,
				FC2128F02F029921001A2A52 /* AllOkView.swift in Sources */,
				FC2128F12F029921001A2A52 /* AppearanceSettingsView.swift in Sources */,
				FC2128F22F029921001A2A52 /* BackupRestoreView.swift in Sources */,
				FC2128F32F029921001A2A52 /* BarcodeScannerView.swift in Sources */,
				FC2128F42F029921001A2A52 /* CustomDaysPickerView.swift in Sources */,
				FC2128F52F029921001A2A52 /* EditFoodView.swift in Sources */,
				FC2128F62F029921001A2A52 /* ExpiringSoonView.swift in Sources */,
				FC2128F72F029921001A2A52 /* ExpiringTodayView.swift in Sources */,
				FC2128F82F029921001A2A52 /* HomeView.swift in Sources */,
				FC2128F92F029921001A2A52 /* IncomingView.swift in Sources */,
				FC2128FA2F029921001A2A52 /* InventoryView.swift in Sources */,
				FC2128FB2F029921001A2A52 /* ItemDetailView.swift in Sources */,
				FC21E0902F03096D00996820 /* AddFoodView.swift in Sources */,
				FC2128FC2F029921001A2A52 /* KPIStatusView.swift in Sources */,
				FC2128FD2F029921001A2A52 /* SafeItemsView.swift in Sources */,
				FC2128FE2F029921001A2A52 /* SettingsView.swift in Sources */,
				FC2128FF2F029921001A2A52 /* SplashView.swift in Sources */,
				FC2129002F029921001A2A52 /* StatisticsView.swift in Sources */,
				FC2129012F029921001A2A52 /* ToConsumeView.swift in Sources */,
				FC2129022F029921001A2A52 /* WelcomeView.swift in Sources */,
				FC21E0AE2F03195E00996820 /* ShoppingList.swift in Sources */,
				FC21E0B22F03195E00996820 /* ShoppingItem.swift in Sources */,
				FC21E0B42F03195F00996820 /* ShoppingListView.swift in Sources */,
				FC21E0B92F03196000996820 /* ConsumedQuantitySheet.swift in Sources */,
				FC21E0B62F03196000996820 /* ConsumedHistoryView.swift in Sources */,
			);
			runOnlyForDeploymentPostprocessing = 0;
		};
/* End PBXSourcesBuildPhase section */

/* Begin PBXVariantGroup section */
		FC6DB9802F02A68900FA5652 /* InfoPlist.strings */ = {
			isa = PBXVariantGroup;
			children = (
				FC6DB9812F02A68900FA5652 /* it */,
			);
			name = InfoPlist.strings;
			sourceTree = "<group>";
		};
		FC6DB9832F02A6AB00FA5652 /* InfoPlist.strings */ = {
			isa = PBXVariantGroup;
			children = (
				FC6DB9842F02A6AB00FA5652 /* en */,
			);
			name = InfoPlist.strings;
			sourceTree = "<group>";
		};
		FC994EF22F029671006D9CF0 /* Localizable.strings */ = {
			isa = PBXVariantGroup;
			children = (
				FC994EF12F029671006D9CF0 /* en */,
			);
			name = Localizable.strings;
			sourceTree = "<group>";
		};
		FC994EFB2F029671006D9CF0 /* Localizable.strings */ = {
			isa = PBXVariantGroup;
			children = (
				FC994EFA2F029671006D9CF0 /* it */,
			);
			name = Localizable.strings;
			sourceTree = "<group>";
		};
/* End PBXVariantGroup section */

/* Begin XCBuildConfiguration section */
		FC1971542F01D2F500641462 /* Debug */ = {
			isa = XCBuildConfiguration;
			buildSettings = {
				ALWAYS_SEARCH_USER_PATHS = NO;
				ASSETCATALOG_COMPILER_GENERATE_SWIFT_ASSET_SYMBOL_EXTENSIONS = YES;
				CLANG_ANALYZER_NONNULL = YES;
				CLANG_ANALYZER_NUMBER_OBJECT_CONVERSION = YES_AGGRESSIVE;
				CLANG_CXX_LANGUAGE_STANDARD = "gnu++20";
				CLANG_ENABLE_MODULES = YES;
				CLANG_ENABLE_OBJC_ARC = YES;
				CLANG_ENABLE_OBJC_WEAK = YES;
				CLANG_WARN_BLOCK_CAPTURE_AUTORELEASING = YES;
				CLANG_WARN_BOOL_CONVERSION = YES;
				CLANG_WARN_COMMA = YES;
				CLANG_WARN_CONSTANT_CONVERSION = YES;
				CLANG_WARN_DEPRECATED_OBJC_IMPLEMENTATIONS = YES;
				CLANG_WARN_DIRECT_OBJC_ISA_USAGE = YES_ERROR;
				CLANG_WARN_DOCUMENTATION_COMMENTS = YES;
				CLANG_WARN_EMPTY_BODY = YES;
				CLANG_WARN_ENUM_CONVERSION = YES;
				CLANG_WARN_INFINITE_RECURSION = YES;
				CLANG_WARN_INT_CONVERSION = YES;
				CLANG_WARN_NON_LITERAL_NULL_CONVERSION = YES;
				CLANG_WARN_OBJC_IMPLICIT_RETAIN_SELF = YES;
				CLANG_WARN_OBJC_LITERAL_CONVERSION = YES;
				CLANG_WARN_OBJC_ROOT_CLASS = YES_ERROR;
				CLANG_WARN_QUOTED_INCLUDE_IN_FRAMEWORK_HEADER = YES;
				CLANG_WARN_RANGE_LOOP_ANALYSIS = YES;
				CLANG_WARN_STRICT_PROTOTYPES = YES;
				CLANG_WARN_SUSPICIOUS_MOVE = YES;
				CLANG_WARN_UNGUARDED_AVAILABILITY = YES_AGGRESSIVE;
				CLANG_WARN_UNREACHABLE_CODE = YES;
				CLANG_WARN__DUPLICATE_METHOD_MATCH = YES;
				COPY_PHASE_STRIP = NO;
				DEBUG_INFORMATION_FORMAT = dwarf;
				DEVELOPMENT_TEAM = 9747WYS86R;
				ENABLE_STRICT_OBJC_MSGSEND = YES;
				ENABLE_TESTABILITY = YES;
				ENABLE_USER_SCRIPT_SANDBOXING = YES;
				GCC_C_LANGUAGE_STANDARD = gnu17;
				GCC_DYNAMIC_NO_PIC = NO;
				GCC_NO_COMMON_BLOCKS = YES;
				GCC_OPTIMIZATION_LEVEL = 0;
				GCC_PREPROCESSOR_DEFINITIONS = (
					"DEBUG=1",
					"$(inherited)",
				);
				GCC_WARN_64_TO_32_BIT_CONVERSION = YES;
				GCC_WARN_ABOUT_RETURN_TYPE = YES_ERROR;
				GCC_WARN_UNDECLARED_SELECTOR = YES;
				GCC_WARN_UNINITIALIZED_AUTOS = YES_AGGRESSIVE;
				GCC_WARN_UNUSED_FUNCTION = YES;
				GCC_WARN_UNUSED_VARIABLE = YES;
				IPHONEOS_DEPLOYMENT_TARGET = 26.2;
				LOCALIZATION_PREFERS_STRING_CATALOGS = YES;
				MTL_ENABLE_DEBUG_INFO = INCLUDE_SOURCE;
				MTL_FAST_MATH = YES;
				ONLY_ACTIVE_ARCH = YES;
				SDKROOT = iphoneos;
				SWIFT_ACTIVE_COMPILATION_CONDITIONS = "DEBUG $(inherited)";
				SWIFT_OPTIMIZATION_LEVEL = "-Onone";
			};
			name = Debug;
		};
		FC1971552F01D2F500641462 /* Release */ = {
			isa = XCBuildConfiguration;
			buildSettings = {
				ALWAYS_SEARCH_USER_PATHS = NO;
				ASSETCATALOG_COMPILER_GENERATE_SWIFT_ASSET_SYMBOL_EXTENSIONS = YES;
				CLANG_ANALYZER_NONNULL = YES;
				CLANG_ANALYZER_NUMBER_OBJECT_CONVERSION = YES_AGGRESSIVE;
				CLANG_CXX_LANGUAGE_STANDARD = "gnu++20";
				CLANG_ENABLE_MODULES = YES;
				CLANG_ENABLE_OBJC_ARC = YES;
				CLANG_ENABLE_OBJC_WEAK = YES;
				CLANG_WARN_BLOCK_CAPTURE_AUTORELEASING = YES;
				CLANG_WARN_BOOL_CONVERSION = YES;
				CLANG_WARN_COMMA = YES;
				CLANG_WARN_CONSTANT_CONVERSION = YES;
				CLANG_WARN_DEPRECATED_OBJC_IMPLEMENTATIONS = YES;
				CLANG_WARN_DIRECT_OBJC_ISA_USAGE = YES_ERROR;
				CLANG_WARN_DOCUMENTATION_COMMENTS = YES;
				CLANG_WARN_EMPTY_BODY = YES;
				CLANG_WARN_ENUM_CONVERSION = YES;
				CLANG_WARN_INFINITE_RECURSION = YES;
				CLANG_WARN_INT_CONVERSION = YES;
				CLANG_WARN_NON_LITERAL_NULL_CONVERSION = YES;
				CLANG_WARN_OBJC_IMPLICIT_RETAIN_SELF = YES;
				CLANG_WARN_OBJC_LITERAL_CONVERSION = YES;
				CLANG_WARN_OBJC_ROOT_CLASS = YES_ERROR;
				CLANG_WARN_QUOTED_INCLUDE_IN_FRAMEWORK_HEADER = YES;
				CLANG_WARN_RANGE_LOOP_ANALYSIS = YES;
				CLANG_WARN_STRICT_PROTOTYPES = YES;
				CLANG_WARN_SUSPICIOUS_MOVE = YES;
				CLANG_WARN_UNGUARDED_AVAILABILITY = YES_AGGRESSIVE;
				CLANG_WARN_UNREACHABLE_CODE = YES;
				CLANG_WARN__DUPLICATE_METHOD_MATCH = YES;
				COPY_PHASE_STRIP = NO;
				DEBUG_INFORMATION_FORMAT = "dwarf-with-dsym";
				DEVELOPMENT_TEAM = 9747WYS86R;
				ENABLE_NS_ASSERTIONS = NO;
				ENABLE_STRICT_OBJC_MSGSEND = YES;
				ENABLE_USER_SCRIPT_SANDBOXING = YES;
				GCC_C_LANGUAGE_STANDARD = gnu17;
				GCC_NO_COMMON_BLOCKS = YES;
				GCC_WARN_64_TO_32_BIT_CONVERSION = YES;
				GCC_WARN_ABOUT_RETURN_TYPE = YES_ERROR;
				GCC_WARN_UNDECLARED_SELECTOR = YES;
				GCC_WARN_UNINITIALIZED_AUTOS = YES_AGGRESSIVE;
				GCC_WARN_UNUSED_FUNCTION = YES;
				GCC_WARN_UNUSED_VARIABLE = YES;
				IPHONEOS_DEPLOYMENT_TARGET = 26.2;
				LOCALIZATION_PREFERS_STRING_CATALOGS = YES;
				MTL_ENABLE_DEBUG_INFO = NO;
				MTL_FAST_MATH = YES;
				SDKROOT = iphoneos;
				SWIFT_COMPILATION_MODE = wholemodule;
				VALIDATE_PRODUCT = YES;
			};
			name = Release;
		};
		FC1971572F01D2F500641462 /* Debug */ = {
			isa = XCBuildConfiguration;
			buildSettings = {
				ASSETCATALOG_COMPILER_APPICON_NAME = FoodFade;
				ASSETCATALOG_COMPILER_GLOBAL_ACCENT_COLOR_NAME = AccentColor;
				CODE_SIGN_ENTITLEMENTS = FoodFade.entitlements;
				CODE_SIGN_STYLE = Automatic;
				CURRENT_PROJECT_VERSION = 9;
				DEVELOPMENT_TEAM = 9747WYS86R;
				ENABLE_PREVIEWS = YES;
				GENERATE_INFOPLIST_FILE = YES;
				INFOPLIST_FILE = "FoodFade-Info.plist";
				INFOPLIST_KEY_CFBundleDisplayName = FoodFade;
				INFOPLIST_KEY_NSCameraUsageDescription = "FoodFade uses the camera to take photos of your food products.";
				INFOPLIST_KEY_NSMicrophoneUsageDescription = "FoodFade usa il microfono per ascoltare la data di scadenza che detti.";
				INFOPLIST_KEY_NSPhotoLibraryAddUsageDescription = "FoodFade can save product photos to your photo library for personal backup.";
				INFOPLIST_KEY_NSPhotoLibraryUsageDescription = "FoodFade accesses your photo library to select images of food products.";
				INFOPLIST_KEY_NSRemindersFullAccessUsageDescription = "FoodFade usa l'app Promemoria per esportare la lista della spesa cosi puoi averla sempre a portata di mano.";
				INFOPLIST_KEY_NSRemindersUsageDescription = "FoodFade usa l’app Promemoria per esportare la lista della spesa così puoi averla sempre a portata di mano.";
				INFOPLIST_KEY_NSSpeechRecognitionUsageDescription = "FoodFade usa il riconoscimento vocale per inserire la data di scadenza a voce.";
				INFOPLIST_KEY_UIApplicationSceneManifest_Generation = YES;
				INFOPLIST_KEY_UIApplicationSupportsIndirectInputEvents = YES;
				INFOPLIST_KEY_UILaunchScreen_Generation = YES;
				INFOPLIST_KEY_UISupportedInterfaceOrientations_iPad = "UIInterfaceOrientationPortrait UIInterfaceOrientationPortraitUpsideDown UIInterfaceOrientationLandscapeLeft UIInterfaceOrientationLandscapeRight";
				INFOPLIST_KEY_UISupportedInterfaceOrientations_iPhone = "UIInterfaceOrientationPortrait UIInterfaceOrientationLandscapeLeft UIInterfaceOrientationLandscapeRight";
				IPHONEOS_DEPLOYMENT_TARGET = 26;
				LD_RUNPATH_SEARCH_PATHS = (
					"$(inherited)",
					"@executable_path/Frameworks",
				);
				MARKETING_VERSION = 1.0.1;
				PRODUCT_BUNDLE_IDENTIFIER = com.food.fade.FoodFade;
				PRODUCT_NAME = "$(TARGET_NAME)";
				STRING_CATALOG_GENERATE_SYMBOLS = YES;
				SUPPORTED_PLATFORMS = "iphoneos iphonesimulator";
				SUPPORTS_MACCATALYST = NO;
				SUPPORTS_MAC_DESIGNED_FOR_IPHONE_IPAD = NO;
				SUPPORTS_XR_DESIGNED_FOR_IPHONE_IPAD = NO;
				SWIFT_APPROACHABLE_CONCURRENCY = YES;
				SWIFT_DEFAULT_ACTOR_ISOLATION = MainActor;
				SWIFT_EMIT_LOC_STRINGS = YES;
				SWIFT_UPCOMING_FEATURE_MEMBER_IMPORT_VISIBILITY = YES;
				SWIFT_VERSION = 5.0;
				TARGETED_DEVICE_FAMILY = 1;
			};
			name = Debug;
		};
		FC1971582F01D2F500641462 /* Release */ = {
			isa = XCBuildConfiguration;
			buildSettings = {
				ASSETCATALOG_COMPILER_APPICON_NAME = FoodFade;
				ASSETCATALOG_COMPILER_GLOBAL_ACCENT_COLOR_NAME = AccentColor;
				CODE_SIGN_ENTITLEMENTS = FoodFade.entitlements;
				CODE_SIGN_STYLE = Automatic;
				CURRENT_PROJECT_VERSION = 9;
				DEVELOPMENT_TEAM = 9747WYS86R;
				ENABLE_PREVIEWS = YES;
				GENERATE_INFOPLIST_FILE = YES;
				INFOPLIST_FILE = "FoodFade-Info.plist";
				INFOPLIST_KEY_CFBundleDisplayName = FoodFade;
				INFOPLIST_KEY_NSCameraUsageDescription = "FoodFade uses the camera to take photos of your food products.";
				INFOPLIST_KEY_NSMicrophoneUsageDescription = "FoodFade usa il microfono per ascoltare la data di scadenza che detti.";
				INFOPLIST_KEY_NSPhotoLibraryAddUsageDescription = "FoodFade can save product photos to your photo library for personal backup.";
				INFOPLIST_KEY_NSPhotoLibraryUsageDescription = "FoodFade accesses your photo library to select images of food products.";
				INFOPLIST_KEY_NSRemindersFullAccessUsageDescription = "FoodFade usa l'app Promemoria per esportare la lista della spesa cosi puoi averla sempre a portata di mano.";
				INFOPLIST_KEY_NSRemindersUsageDescription = "FoodFade usa l’app Promemoria per esportare la lista della spesa così puoi averla sempre a portata di mano.";
				INFOPLIST_KEY_NSSpeechRecognitionUsageDescription = "FoodFade usa il riconoscimento vocale per inserire la data di scadenza a voce.";
				INFOPLIST_KEY_UIApplicationSceneManifest_Generation = YES;
				INFOPLIST_KEY_UIApplicationSupportsIndirectInputEvents = YES;
				INFOPLIST_KEY_UILaunchScreen_Generation = YES;
				INFOPLIST_KEY_UISupportedInterfaceOrientations_iPad = "UIInterfaceOrientationPortrait UIInterfaceOrientationPortraitUpsideDown UIInterfaceOrientationLandscapeLeft UIInterfaceOrientationLandscapeRight";
				INFOPLIST_KEY_UISupportedInterfaceOrientations_iPhone = "UIInterfaceOrientationPortrait UIInterfaceOrientationLandscapeLeft UIInterfaceOrientationLandscapeRight";
				IPHONEOS_DEPLOYMENT_TARGET = 26;
				LD_RUNPATH_SEARCH_PATHS = (
					"$(inherited)",
					"@executable_path/Frameworks",
				);
				MARKETING_VERSION = 1.0.1;
				PRODUCT_BUNDLE_IDENTIFIER = com.food.fade.FoodFade;
				PRODUCT_NAME = "$(TARGET_NAME)";
				STRING_CATALOG_GENERATE_SYMBOLS = YES;
				SUPPORTED_PLATFORMS = "iphoneos iphonesimulator";
				SUPPORTS_MACCATALYST = NO;
				SUPPORTS_MAC_DESIGNED_FOR_IPHONE_IPAD = NO;
				SUPPORTS_XR_DESIGNED_FOR_IPHONE_IPAD = NO;
				SWIFT_APPROACHABLE_CONCURRENCY = YES;
				SWIFT_DEFAULT_ACTOR_ISOLATION = MainActor;
				SWIFT_EMIT_LOC_STRINGS = YES;
				SWIFT_UPCOMING_FEATURE_MEMBER_IMPORT_VISIBILITY = YES;
				SWIFT_VERSION = 5.0;
				TARGETED_DEVICE_FAMILY = 1;
			};
			name = Release;
		};
/* End XCBuildConfiguration section */

/* Begin XCConfigurationList section */
		FC1971462F01D2F400641462 /* Build configuration list for PBXProject "FoodFade" */ = {
			isa = XCConfigurationList;
			buildConfigurations = (
				FC1971542F01D2F500641462 /* Debug */,
				FC1971552F01D2F500641462 /* Release */,
			);
			defaultConfigurationIsVisible = 0;
			defaultConfigurationName = Release;
		};
		FC1971562F01D2F500641462 /* Build configuration list for PBXNativeTarget "FoodFade" */ = {
			isa = XCConfigurationList;
			buildConfigurations = (
				FC1971572F01D2F500641462 /* Debug */,
				FC1971582F01D2F500641462 /* Release */,
			);
			defaultConfigurationIsVisible = 0;
			defaultConfigurationName = Release;
		};
/* End XCConfigurationList section */
	};
	rootObject = FC1971432F01D2F400641462 /* Project object */;
}
